# This file is automatically @generated by Cargo.
# It is not intended for manual editing.
version = 4

[[package]]
name = "arrayvec"
version = "0.7.6"
source = "registry+https://github.com/rust-lang/crates.io-index"
checksum = "7c02d123df017efcdfbd739ef81735b36c5ba83ec3c59c80a9d7ecc718f92e50"

[[package]]
name = "autocfg"
version = "1.4.0"
source = "registry+https://github.com/rust-lang/crates.io-index"
checksum = "ace50bade8e6234aa140d9a2f552bbee1db4d353f69b8217bc503490fc1a9f26"

[[package]]
name = "bitflags"
version = "1.3.2"
source = "registry+https://github.com/rust-lang/crates.io-index"
checksum = "bef38d45163c2f1dde094a7dfd33ccf595c92905c8f8f4fdc18d06fb1037718a"

[[package]]
name = "bytemuck"
version = "1.22.0"
source = "registry+https://github.com/rust-lang/crates.io-index"
checksum = "b6b1fc10dbac614ebc03540c9dbd60e83887fda27794998c6528f1782047d540"

[[package]]
name = "cfg-if"
version = "1.0.0"
source = "registry+https://github.com/rust-lang/crates.io-index"
checksum = "baf1de4339761588bc0619e3cbc0120ee582ebb74b53b4efbf79117bd2da40fd"

[[package]]
name = "crossbeam-queue"
version = "0.3.12"
source = "registry+https://github.com/rust-lang/crates.io-index"
checksum = "0f58bbc28f91df819d0aa2a2c00cd19754769c2fad90579b3592b1c9ba7a3115"
dependencies = [
 "crossbeam-utils",
]

[[package]]
name = "crossbeam-utils"
version = "0.8.21"
source = "registry+https://github.com/rust-lang/crates.io-index"
checksum = "d0a5c400df2834b80a4c3327b3aad3a4c4cd4de0629063962b03235697506a28"

[[package]]
name = "encoding_rs"
version = "0.8.35"
source = "registry+https://github.com/rust-lang/crates.io-index"
checksum = "75030f3c4f45dafd7586dd6780965a8c7e8e285a5ecb86713e63a79c5b2766f3"
dependencies = [
 "cfg-if",
]

[[package]]
name = "lazy_static"
version = "1.5.0"
source = "registry+https://github.com/rust-lang/crates.io-index"
checksum = "bbd2bcb4c963f2ddae06a2efc7e9f3591312473c50c6685e1f298068316e66fe"

[[package]]
name = "log"
version = "0.4.27"
source = "registry+https://github.com/rust-lang/crates.io-index"
checksum = "13dc2df351e3202783a1fe0d44375f7295ffb4049267b0f3018346dc122a1d94"

[[package]]
name = "mini"
version = "0.1.0"

[[package]]
name = "num-complex"
version = "0.4.6"
source = "registry+https://github.com/rust-lang/crates.io-index"
checksum = "73f88a1307638156682bada9d7604135552957b7818057dcef22705b4d509495"
dependencies = [
 "num-traits",
]

[[package]]
name = "num-integer"
version = "0.1.46"
source = "registry+https://github.com/rust-lang/crates.io-index"
checksum = "7969661fd2958a5cb096e56c8e1ad0444ac2bbcd0061bd28660485a44879858f"
dependencies = [
 "num-traits",
]

[[package]]
name = "num-traits"
version = "0.2.19"
source = "registry+https://github.com/rust-lang/crates.io-index"
checksum = "071dfc062690e90b734c0b2273ce72ad0ffa95f0c74596bc250dcfd960262841"
dependencies = [
 "autocfg",
]

[[package]]
name = "onmi"
version = "0.1.0"
dependencies = [
 "crossbeam-queue",
 "mini",
 "symphonia",
 "wasapi",
 "winwalk",
]

[[package]]
name = "primal-check"
version = "0.3.4"
source = "registry+https://github.com/rust-lang/crates.io-index"
checksum = "dc0d895b311e3af9902528fbb8f928688abbd95872819320517cc24ca6b2bd08"
dependencies = [
 "num-integer",
]

[[package]]
name = "rustfft"
version = "6.3.0"
source = "registry+https://github.com/rust-lang/crates.io-index"
checksum = "f266ff9b0cfc79de11fd5af76a2bc672fe3ace10c96fa06456740fa70cb1ed49"
dependencies = [
 "num-complex",
 "num-integer",
 "num-traits",
 "primal-check",
 "strength_reduce",
 "transpose",
 "version_check",
]

[[package]]
name = "strength_reduce"
version = "0.2.4"
source = "registry+https://github.com/rust-lang/crates.io-index"
checksum = "fe895eb47f22e2ddd4dabc02bce419d2e643c8e3b585c78158b349195bc24d82"

[[package]]
name = "symphonia"
version = "0.5.4"
source = "git+https://github.com/pdeljanov/Symphonia#ef9bbd8dd147b05cc911dafe0ae3663ae81b692d"
dependencies = [
 "lazy_static",
 "symphonia-bundle-flac",
 "symphonia-bundle-mp3",
 "symphonia-codec-vorbis",
 "symphonia-core",
 "symphonia-format-ogg",
 "symphonia-metadata",
]

[[package]]
name = "symphonia-bundle-flac"
version = "0.5.4"
source = "git+https://github.com/pdeljanov/Symphonia#ef9bbd8dd147b05cc911dafe0ae3663ae81b692d"
dependencies = [
 "log",
 "symphonia-core",
 "symphonia-metadata",
 "symphonia-utils-xiph",
]

[[package]]
name = "symphonia-bundle-mp3"
version = "0.5.4"
source = "git+https://github.com/pdeljanov/Symphonia#ef9bbd8dd147b05cc911dafe0ae3663ae81b692d"
dependencies = [
 "lazy_static",
 "log",
 "symphonia-core",
 "symphonia-metadata",
]

[[package]]
name = "symphonia-codec-vorbis"
version = "0.5.4"
source = "git+https://github.com/pdeljanov/Symphonia#ef9bbd8dd147b05cc911dafe0ae3663ae81b692d"
dependencies = [
 "log",
 "symphonia-core",
 "symphonia-utils-xiph",
]

[[package]]
name = "symphonia-core"
version = "0.5.4"
source = "git+https://github.com/pdeljanov/Symphonia#ef9bbd8dd147b05cc911dafe0ae3663ae81b692d"
dependencies = [
 "arrayvec",
 "bitflags",
 "bytemuck",
 "lazy_static",
 "log",
 "rustfft",
]

[[package]]
name = "symphonia-format-ogg"
version = "0.5.4"
source = "git+https://github.com/pdeljanov/Symphonia#ef9bbd8dd147b05cc911dafe0ae3663ae81b692d"
dependencies = [
 "log",
 "symphonia-core",
 "symphonia-metadata",
 "symphonia-utils-xiph",
]

[[package]]
name = "symphonia-metadata"
version = "0.5.4"
source = "git+https://github.com/pdeljanov/Symphonia#ef9bbd8dd147b05cc911dafe0ae3663ae81b692d"
dependencies = [
 "encoding_rs",
 "lazy_static",
 "log",
 "symphonia-core",
]

[[package]]
name = "symphonia-utils-xiph"
version = "0.5.4"
source = "git+https://github.com/pdeljanov/Symphonia#ef9bbd8dd147b05cc911dafe0ae3663ae81b692d"
dependencies = [
 "symphonia-core",
 "symphonia-metadata",
]

[[package]]
name = "transpose"
version = "0.2.3"
source = "registry+https://github.com/rust-lang/crates.io-index"
checksum = "1ad61aed86bc3faea4300c7aee358b4c6d0c8d6ccc36524c96e4c92ccf26e77e"
dependencies = [
 "num-integer",
 "strength_reduce",
]

[[package]]
name = "version_check"
version = "0.9.5"
source = "registry+https://github.com/rust-lang/crates.io-index"
checksum = "0b928f33d975fc6ad9f86c8f283853ad26bdd5b10b7f1542aa2fa15e2289105a"

[[package]]
name = "wasapi"
version = "0.1.0"

[[package]]
name = "winwalk"
version = "0.2.2"
source = "registry+https://github.com/rust-lang/crates.io-index"
checksum = "7be02f8d6df9807ac05b5766ab9ea63f54db3f40bbf45cc9346103429ac6a26c"
